// !$*UTF8*$!
{
	archiveVersion = 1;
	classes = {
	};
	objectVersion = 46;
	objects = {

/* Begin PBXBuildFile section */
		1A1F7DD31AF3258300EC96C6 /* main.m in Sources */ = {isa = PBXBuildFile; fileRef = 1A1F7DD21AF3258300EC96C6 /* main.m */; };
		1A1F7DD61AF3258300EC96C6 /* AppDelegate.m in Sources */ = {isa = PBXBuildFile; fileRef = 1A1F7DD51AF3258300EC96C6 /* AppDelegate.m */; };
		1A1F7DD91AF3258300EC96C6 /* RecipeStore.xcdatamodeld in Sources */ = {isa = PBXBuildFile; fileRef = 1A1F7DD71AF3258300EC96C6 /* RecipeStore.xcdatamodeld */; };
		1A1F7DDC1AF3258300EC96C6 /* ViewController.m in Sources */ = {isa = PBXBuildFile; fileRef = 1A1F7DDB1AF3258300EC96C6 /* ViewController.m */; };
		1A1F7DDF1AF3258300EC96C6 /* Main.storyboard in Resources */ = {isa = PBXBuildFile; fileRef = 1A1F7DDD1AF3258300EC96C6 /* Main.storyboard */; };
		1A1F7DE11AF3258300EC96C6 /* Images.xcassets in Resources */ = {isa = PBXBuildFile; fileRef = 1A1F7DE01AF3258300EC96C6 /* Images.xcassets */; };
		1A1F7DE41AF3258300EC96C6 /* LaunchScreen.xib in Resources */ = {isa = PBXBuildFile; fileRef = 1A1F7DE21AF3258300EC96C6 /* LaunchScreen.xib */; };
		1A1F7DF01AF3258300EC96C6 /* RecipeStoreTests.m in Sources */ = {isa = PBXBuildFile; fileRef = 1A1F7DEF1AF3258300EC96C6 /* RecipeStoreTests.m */; };
/* End PBXBuildFile section */

/* Begin PBXContainerItemProxy section */
		1A1F7DEA1AF3258300EC96C6 /* PBXContainerItemProxy */ = {
			isa = PBXContainerItemProxy;
			containerPortal = 1A1F7DC51AF3258300EC96C6 /* Project object */;
			proxyType = 1;
			remoteGlobalIDString = 1A1F7DCC1AF3258300EC96C6;
			remoteInfo = RecipeStore;
		};
/* End PBXContainerItemProxy section */

/* Begin PBXFileReference section */
		1A1F7DCD1AF3258300EC96C6 /* RecipeStore.app */ = {isa = PBXFileReference; explicitFileType = wrapper.application; includeInIndex = 0; path = RecipeStore.app; sourceTree = BUILT_PRODUCTS_DIR; };
		1A1F7DD11AF3258300EC96C6 /* Info.plist */ = {isa = PBXFileReference; lastKnownFileType = text.plist.xml; path = Info.plist; sourceTree = "<group>"; };
		1A1F7DD21AF3258300EC96C6 /* main.m */ = {isa = PBXFileReference; lastKnownFileType = sourcecode.c.objc; path = main.m; sourceTree = "<group>"; };
		1A1F7DD41AF3258300EC96C6 /* AppDelegate.h */ = {isa = PBXFileReference; lastKnownFileType = sourcecode.c.h; path = AppDelegate.h; sourceTree = "<group>"; };
		1A1F7DD51AF3258300EC96C6 /* AppDelegate.m */ = {isa = PBXFileReference; lastKnownFileType = sourcecode.c.objc; path = AppDelegate.m; sourceTree = "<group>"; };
		1A1F7DD81AF3258300EC96C6 /* RecipeStore.xcdatamodel */ = {isa = PBXFileReference; lastKnownFileType = wrapper.xcdatamodel; path = RecipeStore.xcdatamodel; sourceTree = "<group>"; };
		1A1F7DDA1AF3258300EC96C6 /* ViewController.h */ = {isa = PBXFileReference; lastKnownFileType = sourcecode.c.h; path = ViewController.h; sourceTree = "<group>"; };
		1A1F7DDB1AF3258300EC96C6 /* ViewController.m */ = {isa = PBXFileReference; lastKnownFileType = sourcecode.c.objc; path = ViewController.m; sourceTree = "<group>"; };
		1A1F7DDE1AF3258300EC96C6 /* Base */ = {isa = PBXFileReference; lastKnownFileType = file.storyboard; name = Base; path = Base.lproj/Main.storyboard; sourceTree = "<group>"; };
		1A1F7DE01AF3258300EC96C6 /* Images.xcassets */ = {isa = PBXFileReference; lastKnownFileType = folder.assetcatalog; path = Images.xcassets; sourceTree = "<group>"; };
		1A1F7DE31AF3258300EC96C6 /* Base */ = {isa = PBXFileReference; lastKnownFileType = file.xib; name = Base; path = Base.lproj/LaunchScreen.xib; sourceTree = "<group>"; };
		1A1F7DE91AF3258300EC96C6 /* RecipeStoreTests.xctest */ = {isa = PBXFileReference; explicitFileType = wrapper.cfbundle; includeInIndex = 0; path = RecipeStoreTests.xctest; sourceTree = BUILT_PRODUCTS_DIR; };
		1A1F7DEE1AF3258300EC96C6 /* Info.plist */ = {isa = PBXFileReference; lastKnownFileType = text.plist.xml; path = Info.plist; sourceTree = "<group>"; };
		1A1F7DEF1AF3258300EC96C6 /* RecipeStoreTests.m */ = {isa = PBXFileReference; lastKnownFileType = sourcecode.c.objc; path = RecipeStoreTests.m; sourceTree = "<group>"; };
/* End PBXFileReference section */

/* Begin PBXFrameworksBuildPhase section */
		1A1F7DCA1AF3258300EC96C6 /* Frameworks */ = {
			isa = PBXFrameworksBuildPhase;
			buildActionMask = 2147483647;
			files = (
			);
			runOnlyForDeploymentPostprocessing = 0;
		};
		1A1F7DE61AF3258300EC96C6 /* Frameworks */ = {
			isa = PBXFrameworksBuildPhase;
			buildActionMask = 2147483647;
			files = (
			);
			runOnlyForDeploymentPostprocessing = 0;
		};
/* End PBXFrameworksBuildPhase section */

/* Begin PBXGroup section */
		1A1F7DC41AF3258300EC96C6 = {
			isa = PBXGroup;
			children = (
				1A1F7DCF1AF3258300EC96C6 /* RecipeStore */,
				1A1F7DEC1AF3258300EC96C6 /* RecipeStoreTests */,
				1A1F7DCE1AF3258300EC96C6 /* Products */,
			);
			sourceTree = "<group>";
		};
		1A1F7DCE1AF3258300EC96C6 /* Products */ = {
			isa = PBXGroup;
			children = (
				1A1F7DCD1AF3258300EC96C6 /* RecipeStore.app */,
				1A1F7DE91AF3258300EC96C6 /* RecipeStoreTests.xctest */,
			);
			name = Products;
			sourceTree = "<group>";
		};
		1A1F7DCF1AF3258300EC96C6 /* RecipeStore */ = {
			isa = PBXGroup;
			children = (
				1A1F7DD41AF3258300EC96C6 /* AppDelegate.h */,
				1A1F7DD51AF3258300EC96C6 /* AppDelegate.m */,
				1A1F7DDA1AF3258300EC96C6 /* ViewController.h */,
				1A1F7DDB1AF3258300EC96C6 /* ViewController.m */,
				1A1F7DDD1AF3258300EC96C6 /* Main.storyboard */,
				1A1F7DE01AF3258300EC96C6 /* Images.xcassets */,
				1A1F7DE21AF3258300EC96C6 /* LaunchScreen.xib */,
				1A1F7DD71AF3258300EC96C6 /* RecipeStore.xcdatamodeld */,
				1A1F7DD01AF3258300EC96C6 /* Supporting Files */,
			);
			path = RecipeStore;
			sourceTree = "<group>";
		};
		1A1F7DD01AF3258300EC96C6 /* Supporting Files */ = {
			isa = PBXGroup;
			children = (
				1A1F7DD11AF3258300EC96C6 /* Info.plist */,
				1A1F7DD21AF3258300EC96C6 /* main.m */,
			);
			name = "Supporting Files";
			sourceTree = "<group>";
		};
		1A1F7DEC1AF3258300EC96C6 /* RecipeStoreTests */ = {
			isa = PBXGroup;
			children = (
				1A1F7DEF1AF3258300EC96C6 /* RecipeStoreTests.m */,
				1A1F7DED1AF3258300EC96C6 /* Supporting Files */,
			);
			path = RecipeStoreTests;
			sourceTree = "<group>";
		};
		1A1F7DED1AF3258300EC96C6 /* Supporting Files */ = {
			isa = PBXGroup;
			children = (
				1A1F7DEE1AF3258300EC96C6 /* Info.plist */,
			);
			name = "Supporting Files";
			sourceTree = "<group>";
		};
/* End PBXGroup section */

/* Begin PBXNativeTarget section */
		1A1F7DCC1AF3258300EC96C6 /* RecipeStore */ = {
			isa = PBXNativeTarget;
			buildConfigurationList = 1A1F7DF31AF3258300EC96C6 /* Build configuration list for PBXNativeTarget "RecipeStore" */;
			buildPhases = (
				1A1F7DC91AF3258300EC96C6 /* Sources */,
				1A1F7DCA1AF3258300EC96C6 /* Frameworks */,
				1A1F7DCB1AF3258300EC96C6 /* Resources */,
			);
			buildRules = (
			);
			dependencies = (
			);
			name = RecipeStore;
			productName = RecipeStore;
			productReference = 1A1F7DCD1AF3258300EC96C6 /* RecipeStore.app */;
			productType = "com.apple.product-type.application";
		};
		1A1F7DE81AF3258300EC96C6 /* RecipeStoreTests */ = {
			isa = PBXNativeTarget;
			buildConfigurationList = 1A1F7DF61AF3258300EC96C6 /* Build configuration list for PBXNativeTarget "RecipeStoreTests" */;
			buildPhases = (
				1A1F7DE51AF3258300EC96C6 /* Sources */,
				1A1F7DE61AF3258300EC96C6 /* Frameworks */,
				1A1F7DE71AF3258300EC96C6 /* Resources */,
			);
			buildRules = (
			);
			dependencies = (
				1A1F7DEB1AF3258300EC96C6 /* PBXTargetDependency */,
			);
			name = RecipeStoreTests;
			productName = RecipeStoreTests;
			productReference = 1A1F7DE91AF3258300EC96C6 /* RecipeStoreTests.xctest */;
			productType = "com.apple.product-type.bundle.unit-test";
		};
/* End PBXNativeTarget section */

/* Begin PBXProject section */
		1A1F7DC51AF3258300EC96C6 /* Project object */ = {
			isa = PBXProject;
			attributes = {
				LastUpgradeCheck = 0630;
				ORGANIZATIONNAME = "Yung Dai";
				TargetAttributes = {
					1A1F7DCC1AF3258300EC96C6 = {
						CreatedOnToolsVersion = 6.3.1;
					};
					1A1F7DE81AF3258300EC96C6 = {
						CreatedOnToolsVersion = 6.3.1;
						TestTargetID = 1A1F7DCC1AF3258300EC96C6;
					};
				};
			};
			buildConfigurationList = 1A1F7DC81AF3258300EC96C6 /* Build configuration list for PBXProject "RecipeStore" */;
			compatibilityVersion = "Xcode 3.2";
			developmentRegion = English;
			hasScannedForEncodings = 0;
			knownRegions = (
				en,
				Base,
			);
			mainGroup = 1A1F7DC41AF3258300EC96C6;
			productRefGroup = 1A1F7DCE1AF3258300EC96C6 /* Products */;
			projectDirPath = "";
			projectRoot = "";
			targets = (
				1A1F7DCC1AF3258300EC96C6 /* RecipeStore */,
				1A1F7DE81AF3258300EC96C6 /* RecipeStoreTests */,
			);
		};
/* End PBXProject section */

/* Begin PBXResourcesBuildPhase section */
		1A1F7DCB1AF3258300EC96C6 /* Resources */ = {
			isa = PBXResourcesBuildPhase;
			buildActionMask = 2147483647;
			files = (
				1A1F7DDF1AF3258300EC96C6 /* Main.storyboard in Resources */,
				1A1F7DE41AF3258300EC96C6 /* LaunchScreen.xib in Resources */,
				1A1F7DE11AF3258300EC96C6 /* Images.xcassets in Resources */,
			);
			runOnlyForDeploymentPostprocessing = 0;
		};
		1A1F7DE71AF3258300EC96C6 /* Resources */ = {
			isa = PBXResourcesBuildPhase;
			buildActionMask = 2147483647;
			files = (
			);
			runOnlyForDeploymentPostprocessing = 0;
		};
/* End PBXResourcesBuildPhase section */

/* Begin PBXSourcesBuildPhase section */
		1A1F7DC91AF3258300EC96C6 /* Sources */ = {
			isa = PBXSourcesBuildPhase;
			buildActionMask = 2147483647;
			files = (
				1A1F7DD91AF3258300EC96C6 /* RecipeStore.xcdatamodeld in Sources */,
				1A1F7DD61AF3258300EC96C6 /* AppDelegate.m in Sources */,
				1A1F7DDC1AF3258300EC96C6 /* ViewController.m in Sources */,
				1A1F7DD31AF3258300EC96C6 /* main.m in Sources */,
			);
			runOnlyForDeploymentPostprocessing = 0;
		};
		1A1F7DE51AF3258300EC96C6 /* Sources */ = {
			isa = PBXSourcesBuildPhase;
			buildActionMask = 2147483647;
			files = (
				1A1F7DF01AF3258300EC96C6 /* RecipeStoreTests.m in Sources */,
			);
			runOnlyForDeploymentPostprocessing = 0;
		};
/* End PBXSourcesBuildPhase section */

/* Begin PBXTargetDependency section */
		1A1F7DEB1AF3258300EC96C6 /* PBXTargetDependency */ = {
			isa = PBXTargetDependency;
			target = 1A1F7DCC1AF3258300EC96C6 /* RecipeStore */;
			targetProxy = 1A1F7DEA1AF3258300EC96C6 /* PBXContainerItemProxy */;
		};
/* End PBXTargetDependency section */

/* Begin PBXVariantGroup section */
		1A1F7DDD1AF3258300EC96C6 /* Main.storyboard */ = {
			isa = PBXVariantGroup;
			children = (
				1A1F7DDE1AF3258300EC96C6 /* Base */,
			);
			name = Main.storyboard;
			sourceTree = "<group>";
		};
		1A1F7DE21AF3258300EC96C6 /* LaunchScreen.xib */ = {
			isa = PBXVariantGroup;
			children = (
				1A1F7DE31AF3258300EC96C6 /* Base */,
			);
			name = LaunchScreen.xib;
			sourceTree = "<group>";
		};
/* End PBXVariantGroup section */

/* Begin XCBuildConfiguration section */
		1A1F7DF11AF3258300EC96C6 /* Debug */ = {
			isa = XCBuildConfiguration;
			buildSettings = {
				ALWAYS_SEARCH_USER_PATHS = NO;
				CLANG_CXX_LANGUAGE_STANDARD = "gnu++0x";
				CLANG_CXX_LIBRARY = "libc++";
				CLANG_ENABLE_MODULES = YES;
				CLANG_ENABLE_OBJC_ARC = YES;
				CLANG_WARN_BOOL_CONVERSION = YES;
				CLANG_WARN_CONSTANT_CONVERSION = YES;
				CLANG_WARN_DIRECT_OBJC_ISA_USAGE = YES_ERROR;
				CLANG_WARN_EMPTY_BODY = YES;
				CLANG_WARN_ENUM_CONVERSION = YES;
				CLANG_WARN_INT_CONVERSION = YES;
				CLANG_WARN_OBJC_ROOT_CLASS = YES_ERROR;
				CLANG_WARN_UNREACHABLE_CODE = YES;
				CLANG_WARN__DUPLICATE_METHOD_MATCH = YES;
				"CODE_SIGN_IDENTITY[sdk=iphoneos*]" = "iPhone Developer";
				COPY_PHASE_STRIP = NO;
				DEBUG_INFORMATION_FORMAT = "dwarf-with-dsym";
				ENABLE_STRICT_OBJC_MSGSEND = YES;
				GCC_C_LANGUAGE_STANDARD = gnu99;
				GCC_DYNAMIC_NO_PIC = NO;
				GCC_NO_COMMON_BLOCKS = YES;
				GCC_OPTIMIZATION_LEVEL = 0;
				GCC_PREPROCESSOR_DEFINITIONS = (
					"DEBUG=1",
					"$(inherited)",
				);
				GCC_SYMBOLS_PRIVATE_EXTERN = NO;
				GCC_WARN_64_TO_32_BIT_CONVERSION = YES;
				GCC_WARN_ABOUT_RETURN_TYPE = YES_ERROR;
				GCC_WARN_UNDECLARED_SELECTOR = YES;
				GCC_WARN_UNINITIALIZED_AUTOS = YES_AGGRESSIVE;
				GCC_WARN_UNUSED_FUNCTION = YES;
				GCC_WARN_UNUSED_VARIABLE = YES;
				IPHONEOS_DEPLOYMENT_TARGET = 8.3;
				MTL_ENABLE_DEBUG_INFO = YES;
				ONLY_ACTIVE_ARCH = YES;
				SDKROOT = iphoneos;
				TARGETED_DEVICE_FAMILY = "1,2";
			};
			name = Debug;
		};
		1A1F7DF21AF3258300EC96C6 /* Release */ = {
			isa = XCBuildConfiguration;
			buildSettings = {
				ALWAYS_SEARCH_USER_PATHS = NO;
				CLANG_CXX_LANGUAGE_STANDARD = "gnu++0x";
				CLANG_CXX_LIBRARY = "libc++";
				CLANG_ENABLE_MODULES = YES;
				CLANG_ENABLE_OBJC_ARC = YES;
				CLANG_WARN_BOOL_CONVERSION = YES;
				CLANG_WARN_CONSTANT_CONVERSION = YES;
				CLANG_WARN_DIRECT_OBJC_ISA_USAGE = YES_ERROR;
				CLANG_WARN_EMPTY_BODY = YES;
				CLANG_WARN_ENUM_CONVERSION = YES;
				CLANG_WARN_INT_CONVERSION = YES;
				CLANG_WARN_OBJC_ROOT_CLASS = YES_ERROR;
				CLANG_WARN_UNREACHABLE_CODE = YES;
				CLANG_WARN__DUPLICATE_METHOD_MATCH = YES;
				"CODE_SIGN_IDENTITY[sdk=iphoneos*]" = "iPhone Developer";
				COPY_PHASE_STRIP = NO;
				DEBUG_INFORMATION_FORMAT = "dwarf-with-dsym";
				ENABLE_NS_ASSERTIONS = NO;
				ENABLE_STRICT_OBJC_MSGSEND = YES;
				GCC_C_LANGUAGE_STANDARD = gnu99;
				GCC_NO_COMMON_BLOCKS = YES;
				GCC_WARN_64_TO_32_BIT_CONVERSION = YES;
				GCC_WARN_ABOUT_RETURN_TYPE = YES_ERROR;
				GCC_WARN_UNDECLARED_SELECTOR = YES;
				GCC_WARN_UNINITIALIZED_AUTOS = YES_AGGRESSIVE;
				GCC_WARN_UNUSED_FUNCTION = YES;
				GCC_WARN_UNUSED_VARIABLE = YES;
				IPHONEOS_DEPLOYMENT_TARGET = 8.3;
				MTL_ENABLE_DEBUG_INFO = NO;
				SDKROOT = iphoneos;
				TARGETED_DEVICE_FAMILY = "1,2";
				VALIDATE_PRODUCT = YES;
			};
			name = Release;
		};
		1A1F7DF41AF3258300EC96C6 /* Debug */ = {
			isa = XCBuildConfiguration;
			buildSettings = {
				ASSETCATALOG_COMPILER_APPICON_NAME = AppIcon;
				INFOPLIST_FILE = RecipeStore/Info.plist;
				LD_RUNPATH_SEARCH_PATHS = "$(inherited) @executable_path/Frameworks";
				PRODUCT_NAME = "$(TARGET_NAME)";
			};
			name = Debug;
		};
		1A1F7DF51AF3258300EC96C6 /* Release */ = {
			isa = XCBuildConfiguration;
			buildSettings = {
				ASSETCATALOG_COMPILER_APPICON_NAME = AppIcon;
				INFOPLIST_FILE = RecipeStore/Info.plist;
				LD_RUNPATH_SEARCH_PATHS = "$(inherited) @executable_path/Frameworks";
				PRODUCT_NAME = "$(TARGET_NAME)";
			};
			name = Release;
		};
		1A1F7DF71AF3258300EC96C6 /* Debug */ = {
			isa = XCBuildConfiguration;
			buildSettings = {
				BUNDLE_LOADER = "$(TEST_HOST)";
				FRAMEWORK_SEARCH_PATHS = (
					"$(SDKROOT)/Developer/Library/Frameworks",
					"$(inherited)",
				);
				GCC_PREPROCESSOR_DEFINITIONS = (
					"DEBUG=1",
					"$(inherited)",
				);
				INFOPLIST_FILE = RecipeStoreTests/Info.plist;
				LD_RUNPATH_SEARCH_PATHS = "$(inherited) @executable_path/Frameworks @loader_path/Frameworks";
				PRODUCT_NAME = "$(TARGET_NAME)";
				TEST_HOST = "$(BUILT_PRODUCTS_DIR)/RecipeStore.app/RecipeStore";
			};
			name = Debug;
		};
		1A1F7DF81AF3258300EC96C6 /* Release */ = {
			isa = XCBuildConfiguration;
			buildSettings = {
				BUNDLE_LOADER = "$(TEST_HOST)";
				FRAMEWORK_SEARCH_PATHS = (
					"$(SDKROOT)/Developer/Library/Frameworks",
					"$(inherited)",
				);
				INFOPLIST_FILE = RecipeStoreTests/Info.plist;
				LD_RUNPATH_SEARCH_PATHS = "$(inherited) @executable_path/Frameworks @loader_path/Frameworks";
				PRODUCT_NAME = "$(TARGET_NAME)";
				TEST_HOST = "$(BUILT_PRODUCTS_DIR)/RecipeStore.app/RecipeStore";
			};
			name = Release;
		};
/* End XCBuildConfiguration section */

/* Begin XCConfigurationList section */
		1A1F7DC81AF3258300EC96C6 /* Build configuration list for PBXProject "RecipeStore" */ = {
			isa = XCConfigurationList;
			buildConfigurations = (
				1A1F7DF11AF3258300EC96C6 /* Debug */,
				1A1F7DF21AF3258300EC96C6 /* Release */,
			);
			defaultConfigurationIsVisible = 0;
			defaultConfigurationName = Release;
		};
		1A1F7DF31AF3258300EC96C6 /* Build configuration list for PBXNativeTarget "RecipeStore" */ = {
			isa = XCConfigurationList;
			buildConfigurations = (
				1A1F7DF41AF3258300EC96C6 /* Debug */,
				1A1F7DF51AF3258300EC96C6 /* Release */,
			);
			defaultConfigurationIsVisible = 0;
		};
		1A1F7DF61AF3258300EC96C6 /* Build configuration list for PBXNativeTarget "RecipeStoreTests" */ = {
			isa = XCConfigurationList;
			buildConfigurations = (
				1A1F7DF71AF3258300EC96C6 /* Debug */,
				1A1F7DF81AF3258300EC96C6 /* Release */,
			);
			defaultConfigurationIsVisible = 0;
		};
/* End XCConfigurationList section */

/* Begin XCVersionGroup section */
		1A1F7DD71AF3258300EC96C6 /* RecipeStore.xcdatamodeld */ = {
			isa = XCVersionGroup;
			children = (
				1A1F7DD81AF3258300EC96C6 /* RecipeStore.xcdatamodel */,
			);
			currentVersion = 1A1F7DD81AF3258300EC96C6 /* RecipeStore.xcdatamodel */;
			path = RecipeStore.xcdatamodeld;
			sourceTree = "<group>";
			versionGroupType = wrapper.xcdatamodel;
		};
/* End XCVersionGroup section */
	};
	rootObject = 1A1F7DC51AF3258300EC96C6 /* Project object */;
}
